
Microsoft Visual Studio Solution File, Format Version 12.00
# Visual Studio 2013
VisualStudioVersion = 12.0.30501.0
MinimumVisualStudioVersion = 10.0.40219.1
Project("{FAE04EC0-301F-11D3-BF4B-00C04F79EFBC}") = "Harjoitus2Client", "ProductsApp\Harjoitus2Client.csproj", "{E4DFDCCF-2158-488F-987C-F25B5CADF87B}"
EndProject
Project("{FAE04EC0-301F-11D3-BF4B-00C04F79EFBC}") = "Harjoitus1", "Harjoitus1\Harjoitus1.csproj", "{29A26DB0-BD77-4E3D-AE1B-D6170DC26BC6}"
EndProject
Project("{FAE04EC0-301F-11D3-BF4B-00C04F79EFBC}") = "Harjoitus4", "Harjoitus4\Harjoitus4.csproj", "{18C766CD-3AE6-4239-87CA-9822E50DA800}"
EndProject
Project("{FAE04EC0-301F-11D3-BF4B-00C04F79EFBC}") = "Harjoitus3", "Harjoitus3\Harjoitus3.csproj", "{69912E03-898D-4E81-AA9F-D7C5C23F455C}"
EndProject
Global
	GlobalSection(SolutionConfigurationPlatforms) = preSolution
		Debug|Any CPU = Debug|Any CPU
		Release|Any CPU = Release|Any CPU
	EndGlobalSection
	GlobalSection(ProjectConfigurationPlatforms) = postSolution
		{E4DFDCCF-2158-488F-987C-F25B5CADF87B}.Debug|Any CPU.ActiveCfg = Debug|Any CPU
		{E4DFDCCF-2158-488F-987C-F25B5CADF87B}.Debug|Any CPU.Build.0 = Debug|Any CPU
		{E4DFDCCF-2158-488F-987C-F25B5CADF87B}.Release|Any CPU.ActiveCfg = Release|Any CPU
		{E4DFDCCF-2158-488F-987C-F25B5CADF87B}.Release|Any CPU.Build.0 = Release|Any CPU
		{29A26DB0-BD77-4E3D-AE1B-D6170DC26BC6}.Debug|Any CPU.ActiveCfg = Debug|Any CPU
		{29A26DB0-BD77-4E3D-AE1B-D6170DC26BC6}.Debug|Any CPU.Build.0 = Debug|Any CPU
		{29A26DB0-BD77-4E3D-AE1B-D6170DC26BC6}.Release|Any CPU.ActiveCfg = Release|Any CPU
		{29A26DB0-BD77-4E3D-AE1B-D6170DC26BC6}.Release|Any CPU.Build.0 = Release|Any CPU
		{18C766CD-3AE6-4239-87CA-9822E50DA800}.Debug|Any CPU.ActiveCfg = Debug|Any CPU
		{18C766CD-3AE6-4239-87CA-9822E50DA800}.Debug|Any CPU.Build.0 = Debug|Any CPU
		{18C766CD-3AE6-4239-87CA-9822E50DA800}.Release|Any CPU.ActiveCfg = Release|Any CPU
		{18C766CD-3AE6-4239-87CA-9822E50DA800}.Release|Any CPU.Build.0 = Release|Any CPU
		{69912E03-898D-4E81-AA9F-D7C5C23F455C}.Debug|Any CPU.ActiveCfg = Debug|Any CPU
		{69912E03-898D-4E81-AA9F-D7C5C23F455C}.Debug|Any CPU.Build.0 = Debug|Any CPU
		{69912E03-898D-4E81-AA9F-D7C5C23F455C}.Release|Any CPU.ActiveCfg = Release|Any CPU
		{69912E03-898D-4E81-AA9F-D7C5C23F455C}.Release|Any CPU.Build.0 = Release|Any CPU
	EndGlobalSection
	GlobalSection(SolutionProperties) = preSolution
		HideSolutionNode = FALSE
	EndGlobalSection
EndGlobal
